
Microsoft Visual Studio Solution File, Format Version 12.00
# Visual Studio Version 17
VisualStudioVersion = 17.4.32804.182
MinimumVisualStudioVersion = 10.0.40219.1
Project("{FAE04EC0-301F-11D3-BF4B-00C04F79EFBC}") = "CrossWind", "CrossWind.csproj", "{BA312B08-162E-46D1-9F10-7E1F4FA8738D}"
EndProject
Global
	GlobalSection(SolutionConfigurationPlatforms) = preSolution
		Debug|Any CPU = Debug|Any CPU
		Release|Any CPU = Release|Any CPU
	EndGlobalSection
	GlobalSection(ProjectConfigurationPlatforms) = postSolution
		{BA312B08-162E-46D1-9F10-7E1F4FA8738D}.Debug|Any CPU.ActiveCfg = Debug|Any CPU
		{BA312B08-162E-46D1-9F10-7E1F4FA8738D}.Debug|Any CPU.Build.0 = Debug|Any CPU
		{BA312B08-162E-46D1-9F10-7E1F4FA8738D}.Release|Any CPU.ActiveCfg = Release|Any CPU
		{BA312B08-162E-46D1-9F10-7E1F4FA8738D}.Release|Any CPU.Build.0 = Release|Any CPU
	EndGlobalSection
	GlobalSection(SolutionProperties) = preSolution
		HideSolutionNode = FALSE
	EndGlobalSection
	GlobalSection(ExtensibilityGlobals) = postSolution
		SolutionGuid = {B9BBE1A4-12DC-4831-881B-EB10BA871C57}
	EndGlobalSection
EndGlobal
